// !$*UTF8*$!
{
	archiveVersion = 1;
	classes = {
	};
	objectVersion = 46;
	objects = {

/* Begin PBXBuildFile section */
		0F18931E1BD623C8007126D2 /* AMRClientTableViewCell.swift in Sources */ = {isa = PBXBuildFile; fileRef = 0F18931C1BD623C8007126D2 /* AMRClientTableViewCell.swift */; };
		0F18931F1BD623C8007126D2 /* AMRClientTableViewCell.xib in Resources */ = {isa = PBXBuildFile; fileRef = 0F18931D1BD623C8007126D2 /* AMRClientTableViewCell.xib */; };
		0F4590911BD4867800C839F9 /* Credentials.plist in Resources */ = {isa = PBXBuildFile; fileRef = 0F4590901BD4867800C839F9 /* Credentials.plist */; };
		0F45909C1BD48D3300C839F9 /* AMRClientsViewController.swift in Sources */ = {isa = PBXBuildFile; fileRef = 0F45909A1BD48D3300C839F9 /* AMRClientsViewController.swift */; };
		0F45909D1BD48D3300C839F9 /* AMRClientsViewController.xib in Resources */ = {isa = PBXBuildFile; fileRef = 0F45909B1BD48D3300C839F9 /* AMRClientsViewController.xib */; };
		0F4590A01BD49AC200C839F9 /* AMRMessagesViewController.swift in Sources */ = {isa = PBXBuildFile; fileRef = 0F45909E1BD49AC200C839F9 /* AMRMessagesViewController.swift */; };
		0F4590A41BD49ACF00C839F9 /* AMRNotesViewController.swift in Sources */ = {isa = PBXBuildFile; fileRef = 0F4590A21BD49ACF00C839F9 /* AMRNotesViewController.swift */; };
		0F4590A51BD49ACF00C839F9 /* AMRNotesViewController.xib in Resources */ = {isa = PBXBuildFile; fileRef = 0F4590A31BD49ACF00C839F9 /* AMRNotesViewController.xib */; };
		0F4590B41BD4A59300C839F9 /* AMRMessageTableViewCell.swift in Sources */ = {isa = PBXBuildFile; fileRef = 0F4590B21BD4A59300C839F9 /* AMRMessageTableViewCell.swift */; };
		0F4590B51BD4A59300C839F9 /* AMRMessageTableViewCell.xib in Resources */ = {isa = PBXBuildFile; fileRef = 0F4590B31BD4A59300C839F9 /* AMRMessageTableViewCell.xib */; };
		0F4590B81BD4A5D500C839F9 /* AMRAppointmentTableViewCell.swift in Sources */ = {isa = PBXBuildFile; fileRef = 0F4590B61BD4A5D500C839F9 /* AMRAppointmentTableViewCell.swift */; };
		0F4590B91BD4A5D500C839F9 /* AMRAppointmentTableViewCell.xib in Resources */ = {isa = PBXBuildFile; fileRef = 0F4590B71BD4A5D500C839F9 /* AMRAppointmentTableViewCell.xib */; };
		0F4590BC1BD4B57300C839F9 /* AMRClientsDetailViewController.swift in Sources */ = {isa = PBXBuildFile; fileRef = 0F4590BA1BD4B57300C839F9 /* AMRClientsDetailViewController.swift */; };
		0F4590BD1BD4B57300C839F9 /* AMRClientsDetailViewController.xib in Resources */ = {isa = PBXBuildFile; fileRef = 0F4590BB1BD4B57300C839F9 /* AMRClientsDetailViewController.xib */; };
		0F4590C61BD4B88100C839F9 /* AMRMessagesDetailsViewController.swift in Sources */ = {isa = PBXBuildFile; fileRef = 0F4590C41BD4B88100C839F9 /* AMRMessagesDetailsViewController.swift */; };
		0F5E5BF81BDF2D0E00464DB2 /* AMRClientProfileViewController.swift in Sources */ = {isa = PBXBuildFile; fileRef = 0F5E5BF61BDF2D0E00464DB2 /* AMRClientProfileViewController.swift */; };
		0F5E5BF91BDF2D0E00464DB2 /* AMRClientProfileViewController.xib in Resources */ = {isa = PBXBuildFile; fileRef = 0F5E5BF71BDF2D0E00464DB2 /* AMRClientProfileViewController.xib */; };
		0FD0BABB1BD6035600D91504 /* AMRMeeting.swift in Sources */ = {isa = PBXBuildFile; fileRef = 0FD0BABA1BD6035600D91504 /* AMRMeeting.swift */; };
		0FD0BABE1BD6037000D91504 /* AMRUpcomingMeetingsViewController.swift in Sources */ = {isa = PBXBuildFile; fileRef = 0FD0BABC1BD6037000D91504 /* AMRUpcomingMeetingsViewController.swift */; };
		0FD0BAC21BD6038C00D91504 /* AMRUpcomingMeetingsTableViewCell.swift in Sources */ = {isa = PBXBuildFile; fileRef = 0FD0BAC01BD6038C00D91504 /* AMRUpcomingMeetingsTableViewCell.swift */; };
		0FD0BAC51BD605F500D91504 /* AMRUpcomingMeetingsTableViewCell.xib in Resources */ = {isa = PBXBuildFile; fileRef = 0FD0BAC41BD605F500D91504 /* AMRUpcomingMeetingsTableViewCell.xib */; };
		0FD0BAC71BD6064600D91504 /* AMRUpcomingMeetingsViewController.xib in Resources */ = {isa = PBXBuildFile; fileRef = 0FD0BAC61BD6064600D91504 /* AMRUpcomingMeetingsViewController.xib */; };
		0FD5476B1BDB3350005587F2 /* AMRNote.swift in Sources */ = {isa = PBXBuildFile; fileRef = 0FD5476A1BDB3350005587F2 /* AMRNote.swift */; };
		0FD5476F1BDC32AB005587F2 /* LayerKit.framework in CopyFiles */ = {isa = PBXBuildFile; fileRef = 0FD5476E1BDC32AB005587F2 /* LayerKit.framework */; settings = {ATTRIBUTES = (CodeSignOnCopy, RemoveHeadersOnCopy, ); }; };
		0FD547721BDDA4A9005587F2 /* AMRAddClientViewController.swift in Sources */ = {isa = PBXBuildFile; fileRef = 0FD547701BDDA4A9005587F2 /* AMRAddClientViewController.swift */; };
		0FD547731BDDA4A9005587F2 /* AMRAddClientViewController.xib in Resources */ = {isa = PBXBuildFile; fileRef = 0FD547711BDDA4A9005587F2 /* AMRAddClientViewController.xib */; };
		6F2828921BE1D874002B7B85 /* UIColor+AMRColor.swift in Sources */ = {isa = PBXBuildFile; fileRef = 6F2828911BE1D874002B7B85 /* UIColor+AMRColor.swift */; };
		6F41E1FA1BCE0FF900729AC5 /* AppDelegate.swift in Sources */ = {isa = PBXBuildFile; fileRef = 6F41E1F91BCE0FF900729AC5 /* AppDelegate.swift */; };
		6F41E2011BCE0FF900729AC5 /* Assets.xcassets in Resources */ = {isa = PBXBuildFile; fileRef = 6F41E2001BCE0FF900729AC5 /* Assets.xcassets */; };
		6F55790E1BD2335C0033A7C8 /* AMRMainViewController.swift in Sources */ = {isa = PBXBuildFile; fileRef = 6F55790C1BD2335C0033A7C8 /* AMRMainViewController.swift */; };
		6F55790F1BD2335C0033A7C8 /* AMRMainViewController.xib in Resources */ = {isa = PBXBuildFile; fileRef = 6F55790D1BD2335C0033A7C8 /* AMRMainViewController.xib */; };
		6F6AEACF1BDB1F3A009B8F74 /* AMRUser+ATLParticipant.swift in Sources */ = {isa = PBXBuildFile; fileRef = 6F6AEACE1BDB1F3A009B8F74 /* AMRUser+ATLParticipant.swift */; };
		6F6AEAD11BDB209B009B8F74 /* AMRUserManager.swift in Sources */ = {isa = PBXBuildFile; fileRef = 6F6AEAD01BDB209B009B8F74 /* AMRUserManager.swift */; };
		6FA0130F1BD752460019E0D6 /* AMRSignUpViewController.swift in Sources */ = {isa = PBXBuildFile; fileRef = 6FA0130D1BD752460019E0D6 /* AMRSignUpViewController.swift */; };
		6FA013101BD752460019E0D6 /* AMRSignUpViewController.xib in Resources */ = {isa = PBXBuildFile; fileRef = 6FA0130E1BD752460019E0D6 /* AMRSignUpViewController.xib */; };
		6FA013121BD75C190019E0D6 /* AMRLoginViewController.swift in Sources */ = {isa = PBXBuildFile; fileRef = 6FA013111BD75C190019E0D6 /* AMRLoginViewController.swift */; };
		6FDD83981BD0833500028E3D /* LaunchScreen.storyboard in Resources */ = {isa = PBXBuildFile; fileRef = 6FDD83971BD0833500028E3D /* LaunchScreen.storyboard */; };
		6FE7AB691BD84E9A00FAFAC0 /* AMRUser.swift in Sources */ = {isa = PBXBuildFile; fileRef = 6FE7AB681BD84E9A00FAFAC0 /* AMRUser.swift */; };
		6FF7BA181BDC3A9D00A7C54A /* AMRParticipantTableViewController.swift in Sources */ = {isa = PBXBuildFile; fileRef = 6FF7BA171BDC3A9D00A7C54A /* AMRParticipantTableViewController.swift */; };
		C50363E51BE1D12F008030E1 /* AMRMeasurements.swift in Sources */ = {isa = PBXBuildFile; fileRef = C50363E41BE1D12F008030E1 /* AMRMeasurements.swift */; };
		C51751E71BDD7F17000F7A82 /* AMRImage.swift in Sources */ = {isa = PBXBuildFile; fileRef = C51751E61BDD7F17000F7A82 /* AMRImage.swift */; };
		C53F001D1BE1F50600070118 /* imageCollectionViewCell.swift in Sources */ = {isa = PBXBuildFile; fileRef = C53F001B1BE1F50600070118 /* imageCollectionViewCell.swift */; };
		C53F001E1BE1F50600070118 /* imageCollectionViewCell.xib in Resources */ = {isa = PBXBuildFile; fileRef = C53F001C1BE1F50600070118 /* imageCollectionViewCell.xib */; };
		C584019C1BE574CC00D90117 /* UIAlertController+AMRSettingsController.swift in Sources */ = {isa = PBXBuildFile; fileRef = C584019B1BE574CC00D90117 /* UIAlertController+AMRSettingsController.swift */; };
		C5B75A881BE0A19D0009296C /* AMRMeasurementCell.swift in Sources */ = {isa = PBXBuildFile; fileRef = C5B75A861BE0A19D0009296C /* AMRMeasurementCell.swift */; };
		C5B75A891BE0A19D0009296C /* AMRMeasurementCell.xib in Resources */ = {isa = PBXBuildFile; fileRef = C5B75A871BE0A19D0009296C /* AMRMeasurementCell.xib */; };
		C5D535FF1BE086750046A288 /* AMRPhotosViewController.swift in Sources */ = {isa = PBXBuildFile; fileRef = C5D535FD1BE086750046A288 /* AMRPhotosViewController.swift */; };
		C5D536001BE086750046A288 /* AMRPhotosViewController.xib in Resources */ = {isa = PBXBuildFile; fileRef = C5D535FE1BE086750046A288 /* AMRPhotosViewController.xib */; };
		C5D536031BE086A00046A288 /* AMRMeasurementsViewController.swift in Sources */ = {isa = PBXBuildFile; fileRef = C5D536011BE086A00046A288 /* AMRMeasurementsViewController.swift */; };
		C5D536041BE086A00046A288 /* AMRMeasurementsViewController.xib in Resources */ = {isa = PBXBuildFile; fileRef = C5D536021BE086A00046A288 /* AMRMeasurementsViewController.xib */; };
		DC763B98356184B1E36FDC2B /* libPods-ArmoireApp.a in Frameworks */ = {isa = PBXBuildFile; fileRef = 406AF373DF68CB583A6ACFC0 /* libPods-ArmoireApp.a */; };
/* End PBXBuildFile section */

/* Begin PBXCopyFilesBuildPhase section */
		0FD5476D1BDC3285005587F2 /* CopyFiles */ = {
			isa = PBXCopyFilesBuildPhase;
			buildActionMask = 2147483647;
			dstPath = "";
			dstSubfolderSpec = 10;
			files = (
				0FD5476F1BDC32AB005587F2 /* LayerKit.framework in CopyFiles */,
			);
			runOnlyForDeploymentPostprocessing = 0;
		};
/* End PBXCopyFilesBuildPhase section */

/* Begin PBXFileReference section */
		0F18931C1BD623C8007126D2 /* AMRClientTableViewCell.swift */ = {isa = PBXFileReference; fileEncoding = 4; lastKnownFileType = sourcecode.swift; name = AMRClientTableViewCell.swift; path = Views/AMRClientTableViewCell.swift; sourceTree = "<group>"; };
		0F18931D1BD623C8007126D2 /* AMRClientTableViewCell.xib */ = {isa = PBXFileReference; fileEncoding = 4; lastKnownFileType = file.xib; name = AMRClientTableViewCell.xib; path = Views/AMRClientTableViewCell.xib; sourceTree = "<group>"; };
		0F4590901BD4867800C839F9 /* Credentials.plist */ = {isa = PBXFileReference; fileEncoding = 4; lastKnownFileType = text.plist.xml; path = Credentials.plist; sourceTree = "<group>"; };
		0F45909A1BD48D3300C839F9 /* AMRClientsViewController.swift */ = {isa = PBXFileReference; fileEncoding = 4; lastKnownFileType = sourcecode.swift; path = AMRClientsViewController.swift; sourceTree = "<group>"; };
		0F45909B1BD48D3300C839F9 /* AMRClientsViewController.xib */ = {isa = PBXFileReference; fileEncoding = 4; lastKnownFileType = file.xib; path = AMRClientsViewController.xib; sourceTree = "<group>"; };
		0F45909E1BD49AC200C839F9 /* AMRMessagesViewController.swift */ = {isa = PBXFileReference; fileEncoding = 4; lastKnownFileType = sourcecode.swift; path = AMRMessagesViewController.swift; sourceTree = "<group>"; };
		0F4590A21BD49ACF00C839F9 /* AMRNotesViewController.swift */ = {isa = PBXFileReference; fileEncoding = 4; lastKnownFileType = sourcecode.swift; path = AMRNotesViewController.swift; sourceTree = "<group>"; };
		0F4590A31BD49ACF00C839F9 /* AMRNotesViewController.xib */ = {isa = PBXFileReference; fileEncoding = 4; lastKnownFileType = file.xib; path = AMRNotesViewController.xib; sourceTree = "<group>"; };
		0F4590B21BD4A59300C839F9 /* AMRMessageTableViewCell.swift */ = {isa = PBXFileReference; fileEncoding = 4; lastKnownFileType = sourcecode.swift; path = AMRMessageTableViewCell.swift; sourceTree = "<group>"; };
		0F4590B31BD4A59300C839F9 /* AMRMessageTableViewCell.xib */ = {isa = PBXFileReference; fileEncoding = 4; lastKnownFileType = file.xib; path = AMRMessageTableViewCell.xib; sourceTree = "<group>"; };
		0F4590B61BD4A5D500C839F9 /* AMRAppointmentTableViewCell.swift */ = {isa = PBXFileReference; fileEncoding = 4; lastKnownFileType = sourcecode.swift; path = AMRAppointmentTableViewCell.swift; sourceTree = "<group>"; };
		0F4590B71BD4A5D500C839F9 /* AMRAppointmentTableViewCell.xib */ = {isa = PBXFileReference; fileEncoding = 4; lastKnownFileType = file.xib; path = AMRAppointmentTableViewCell.xib; sourceTree = "<group>"; };
		0F4590BA1BD4B57300C839F9 /* AMRClientsDetailViewController.swift */ = {isa = PBXFileReference; fileEncoding = 4; lastKnownFileType = sourcecode.swift; path = AMRClientsDetailViewController.swift; sourceTree = "<group>"; };
		0F4590BB1BD4B57300C839F9 /* AMRClientsDetailViewController.xib */ = {isa = PBXFileReference; fileEncoding = 4; lastKnownFileType = file.xib; path = AMRClientsDetailViewController.xib; sourceTree = "<group>"; };
		0F4590C41BD4B88100C839F9 /* AMRMessagesDetailsViewController.swift */ = {isa = PBXFileReference; fileEncoding = 4; lastKnownFileType = sourcecode.swift; path = AMRMessagesDetailsViewController.swift; sourceTree = "<group>"; };
		0F5E5BF61BDF2D0E00464DB2 /* AMRClientProfileViewController.swift */ = {isa = PBXFileReference; fileEncoding = 4; lastKnownFileType = sourcecode.swift; name = AMRClientProfileViewController.swift; path = ViewControllers/AMRClientProfileViewController.swift; sourceTree = "<group>"; };
		0F5E5BF71BDF2D0E00464DB2 /* AMRClientProfileViewController.xib */ = {isa = PBXFileReference; fileEncoding = 4; lastKnownFileType = file.xib; name = AMRClientProfileViewController.xib; path = ViewControllers/AMRClientProfileViewController.xib; sourceTree = "<group>"; };
		0FD0BABA1BD6035600D91504 /* AMRMeeting.swift */ = {isa = PBXFileReference; fileEncoding = 4; lastKnownFileType = sourcecode.swift; name = AMRMeeting.swift; path = Models/AMRMeeting.swift; sourceTree = "<group>"; };
		0FD0BABC1BD6037000D91504 /* AMRUpcomingMeetingsViewController.swift */ = {isa = PBXFileReference; fileEncoding = 4; lastKnownFileType = sourcecode.swift; name = AMRUpcomingMeetingsViewController.swift; path = ViewControllers/AMRUpcomingMeetingsViewController.swift; sourceTree = "<group>"; };
		0FD0BAC01BD6038C00D91504 /* AMRUpcomingMeetingsTableViewCell.swift */ = {isa = PBXFileReference; fileEncoding = 4; lastKnownFileType = sourcecode.swift; name = AMRUpcomingMeetingsTableViewCell.swift; path = Views/AMRUpcomingMeetingsTableViewCell.swift; sourceTree = "<group>"; };
		0FD0BAC41BD605F500D91504 /* AMRUpcomingMeetingsTableViewCell.xib */ = {isa = PBXFileReference; fileEncoding = 4; lastKnownFileType = file.xib; name = AMRUpcomingMeetingsTableViewCell.xib; path = Views/AMRUpcomingMeetingsTableViewCell.xib; sourceTree = "<group>"; };
		0FD0BAC61BD6064600D91504 /* AMRUpcomingMeetingsViewController.xib */ = {isa = PBXFileReference; fileEncoding = 4; lastKnownFileType = file.xib; name = AMRUpcomingMeetingsViewController.xib; path = ViewControllers/AMRUpcomingMeetingsViewController.xib; sourceTree = "<group>"; };
		0FD5476A1BDB3350005587F2 /* AMRNote.swift */ = {isa = PBXFileReference; fileEncoding = 4; lastKnownFileType = sourcecode.swift; name = AMRNote.swift; path = Models/AMRNote.swift; sourceTree = "<group>"; };
		0FD5476E1BDC32AB005587F2 /* LayerKit.framework */ = {isa = PBXFileReference; lastKnownFileType = wrapper.framework; name = LayerKit.framework; path = Pods/LayerKit/LayerKit.framework; sourceTree = "<group>"; };
		0FD547701BDDA4A9005587F2 /* AMRAddClientViewController.swift */ = {isa = PBXFileReference; fileEncoding = 4; lastKnownFileType = sourcecode.swift; name = AMRAddClientViewController.swift; path = ViewControllers/AMRAddClientViewController.swift; sourceTree = "<group>"; };
		0FD547711BDDA4A9005587F2 /* AMRAddClientViewController.xib */ = {isa = PBXFileReference; fileEncoding = 4; lastKnownFileType = file.xib; name = AMRAddClientViewController.xib; path = ViewControllers/AMRAddClientViewController.xib; sourceTree = "<group>"; };
		1993BFE730F24C865BE5C48B /* Pods-ArmoireApp.release.xcconfig */ = {isa = PBXFileReference; includeInIndex = 1; lastKnownFileType = text.xcconfig; name = "Pods-ArmoireApp.release.xcconfig"; path = "Pods/Target Support Files/Pods-ArmoireApp/Pods-ArmoireApp.release.xcconfig"; sourceTree = "<group>"; };
		406AF373DF68CB583A6ACFC0 /* libPods-ArmoireApp.a */ = {isa = PBXFileReference; explicitFileType = archive.ar; includeInIndex = 0; path = "libPods-ArmoireApp.a"; sourceTree = BUILT_PRODUCTS_DIR; };
		540C02D174B0814FAFCB2B92 /* Pods-ArmoireApp.debug.xcconfig */ = {isa = PBXFileReference; includeInIndex = 1; lastKnownFileType = text.xcconfig; name = "Pods-ArmoireApp.debug.xcconfig"; path = "Pods/Target Support Files/Pods-ArmoireApp/Pods-ArmoireApp.debug.xcconfig"; sourceTree = "<group>"; };
		6F2828911BE1D874002B7B85 /* UIColor+AMRColor.swift */ = {isa = PBXFileReference; fileEncoding = 4; lastKnownFileType = sourcecode.swift; name = "UIColor+AMRColor.swift"; path = "Extensions/UIColor+AMRColor.swift"; sourceTree = "<group>"; };
		6F41E1F61BCE0FF900729AC5 /* ArmoireApp.app */ = {isa = PBXFileReference; explicitFileType = wrapper.application; includeInIndex = 0; path = ArmoireApp.app; sourceTree = BUILT_PRODUCTS_DIR; };
		6F41E1F91BCE0FF900729AC5 /* AppDelegate.swift */ = {isa = PBXFileReference; lastKnownFileType = sourcecode.swift; name = AppDelegate.swift; path = Application/AppDelegate.swift; sourceTree = "<group>"; };
		6F41E2001BCE0FF900729AC5 /* Assets.xcassets */ = {isa = PBXFileReference; lastKnownFileType = folder.assetcatalog; name = Assets.xcassets; path = Resources/Assets.xcassets; sourceTree = "<group>"; };
		6F41E2051BCE0FF900729AC5 /* Info.plist */ = {isa = PBXFileReference; lastKnownFileType = text.plist.xml; name = Info.plist; path = Application/Info.plist; sourceTree = "<group>"; };
		6F55790C1BD2335C0033A7C8 /* AMRMainViewController.swift */ = {isa = PBXFileReference; fileEncoding = 4; lastKnownFileType = sourcecode.swift; name = AMRMainViewController.swift; path = ViewControllers/AMRMainViewController.swift; sourceTree = "<group>"; };
		6F55790D1BD2335C0033A7C8 /* AMRMainViewController.xib */ = {isa = PBXFileReference; fileEncoding = 4; lastKnownFileType = file.xib; name = AMRMainViewController.xib; path = ViewControllers/AMRMainViewController.xib; sourceTree = "<group>"; };
		6F6AEACE1BDB1F3A009B8F74 /* AMRUser+ATLParticipant.swift */ = {isa = PBXFileReference; fileEncoding = 4; lastKnownFileType = sourcecode.swift; name = "AMRUser+ATLParticipant.swift"; path = "Extensions/AMRUser+ATLParticipant.swift"; sourceTree = "<group>"; };
		6F6AEAD01BDB209B009B8F74 /* AMRUserManager.swift */ = {isa = PBXFileReference; fileEncoding = 4; lastKnownFileType = sourcecode.swift; name = AMRUserManager.swift; path = Models/AMRUserManager.swift; sourceTree = "<group>"; };
		6FA0130D1BD752460019E0D6 /* AMRSignUpViewController.swift */ = {isa = PBXFileReference; fileEncoding = 4; lastKnownFileType = sourcecode.swift; name = AMRSignUpViewController.swift; path = ViewControllers/AMRSignUpViewController.swift; sourceTree = "<group>"; };
		6FA0130E1BD752460019E0D6 /* AMRSignUpViewController.xib */ = {isa = PBXFileReference; fileEncoding = 4; lastKnownFileType = file.xib; name = AMRSignUpViewController.xib; path = ViewControllers/AMRSignUpViewController.xib; sourceTree = "<group>"; };
		6FA013111BD75C190019E0D6 /* AMRLoginViewController.swift */ = {isa = PBXFileReference; fileEncoding = 4; lastKnownFileType = sourcecode.swift; name = AMRLoginViewController.swift; path = ViewControllers/AMRLoginViewController.swift; sourceTree = "<group>"; };
		6FDD838D1BD080B000028E3D /* ArmoireApp-Bridging-Header.h */ = {isa = PBXFileReference; lastKnownFileType = sourcecode.c.h; name = "ArmoireApp-Bridging-Header.h"; path = "Application/ArmoireApp-Bridging-Header.h"; sourceTree = "<group>"; };
		6FDD83971BD0833500028E3D /* LaunchScreen.storyboard */ = {isa = PBXFileReference; fileEncoding = 4; lastKnownFileType = file.storyboard; name = LaunchScreen.storyboard; path = Application/LaunchScreen.storyboard; sourceTree = "<group>"; };
		6FE7AB681BD84E9A00FAFAC0 /* AMRUser.swift */ = {isa = PBXFileReference; fileEncoding = 4; lastKnownFileType = sourcecode.swift; name = AMRUser.swift; path = Models/AMRUser.swift; sourceTree = "<group>"; };
		6FF7BA171BDC3A9D00A7C54A /* AMRParticipantTableViewController.swift */ = {isa = PBXFileReference; fileEncoding = 4; lastKnownFileType = sourcecode.swift; name = AMRParticipantTableViewController.swift; path = ViewControllers/AMRParticipantTableViewController.swift; sourceTree = "<group>"; };
		C50363E41BE1D12F008030E1 /* AMRMeasurements.swift */ = {isa = PBXFileReference; fileEncoding = 4; lastKnownFileType = sourcecode.swift; name = AMRMeasurements.swift; path = Models/AMRMeasurements.swift; sourceTree = "<group>"; };
		C51751E61BDD7F17000F7A82 /* AMRImage.swift */ = {isa = PBXFileReference; fileEncoding = 4; lastKnownFileType = sourcecode.swift; name = AMRImage.swift; path = Models/AMRImage.swift; sourceTree = "<group>"; };
		C53F001B1BE1F50600070118 /* imageCollectionViewCell.swift */ = {isa = PBXFileReference; fileEncoding = 4; lastKnownFileType = sourcecode.swift; name = imageCollectionViewCell.swift; path = Views/imageCollectionViewCell.swift; sourceTree = "<group>"; };
		C53F001C1BE1F50600070118 /* imageCollectionViewCell.xib */ = {isa = PBXFileReference; fileEncoding = 4; lastKnownFileType = file.xib; name = imageCollectionViewCell.xib; path = Views/imageCollectionViewCell.xib; sourceTree = "<group>"; };
		C584019B1BE574CC00D90117 /* UIAlertController+AMRSettingsController.swift */ = {isa = PBXFileReference; fileEncoding = 4; lastKnownFileType = sourcecode.swift; name = "UIAlertController+AMRSettingsController.swift"; path = "Extensions/UIAlertController+AMRSettingsController.swift"; sourceTree = "<group>"; };
		C5B75A861BE0A19D0009296C /* AMRMeasurementCell.swift */ = {isa = PBXFileReference; fileEncoding = 4; lastKnownFileType = sourcecode.swift; name = AMRMeasurementCell.swift; path = Views/AMRMeasurementCell.swift; sourceTree = "<group>"; };
		C5B75A871BE0A19D0009296C /* AMRMeasurementCell.xib */ = {isa = PBXFileReference; fileEncoding = 4; lastKnownFileType = file.xib; name = AMRMeasurementCell.xib; path = Views/AMRMeasurementCell.xib; sourceTree = "<group>"; };
		C5D535FD1BE086750046A288 /* AMRPhotosViewController.swift */ = {isa = PBXFileReference; fileEncoding = 4; lastKnownFileType = sourcecode.swift; name = AMRPhotosViewController.swift; path = ViewControllers/AMRPhotosViewController.swift; sourceTree = "<group>"; };
		C5D535FE1BE086750046A288 /* AMRPhotosViewController.xib */ = {isa = PBXFileReference; fileEncoding = 4; lastKnownFileType = file.xib; name = AMRPhotosViewController.xib; path = ViewControllers/AMRPhotosViewController.xib; sourceTree = "<group>"; };
		C5D536011BE086A00046A288 /* AMRMeasurementsViewController.swift */ = {isa = PBXFileReference; fileEncoding = 4; lastKnownFileType = sourcecode.swift; name = AMRMeasurementsViewController.swift; path = ViewControllers/AMRMeasurementsViewController.swift; sourceTree = "<group>"; };
		C5D536021BE086A00046A288 /* AMRMeasurementsViewController.xib */ = {isa = PBXFileReference; fileEncoding = 4; lastKnownFileType = file.xib; name = AMRMeasurementsViewController.xib; path = ViewControllers/AMRMeasurementsViewController.xib; sourceTree = "<group>"; };
/* End PBXFileReference section */

/* Begin PBXFrameworksBuildPhase section */
		6F41E1F31BCE0FF900729AC5 /* Frameworks */ = {
			isa = PBXFrameworksBuildPhase;
			buildActionMask = 2147483647;
			files = (
				DC763B98356184B1E36FDC2B /* libPods-ArmoireApp.a in Frameworks */,
			);
			runOnlyForDeploymentPostprocessing = 0;
		};
/* End PBXFrameworksBuildPhase section */

/* Begin PBXGroup section */
		0FD0BAB91BD6027900D91504 /* Models */ = {
			isa = PBXGroup;
			children = (
				0FD0BABA1BD6035600D91504 /* AMRMeeting.swift */,
				6FE7AB681BD84E9A00FAFAC0 /* AMRUser.swift */,
				6F6AEAD01BDB209B009B8F74 /* AMRUserManager.swift */,
				0FD5476A1BDB3350005587F2 /* AMRNote.swift */,
				C51751E61BDD7F17000F7A82 /* AMRImage.swift */,
				C50363E41BE1D12F008030E1 /* AMRMeasurements.swift */,
			);
			name = Models;
			sourceTree = "<group>";
		};
		3651528C7C9BC0521E13AFB9 /* Pods */ = {
			isa = PBXGroup;
			children = (
				540C02D174B0814FAFCB2B92 /* Pods-ArmoireApp.debug.xcconfig */,
				1993BFE730F24C865BE5C48B /* Pods-ArmoireApp.release.xcconfig */,
			);
			name = Pods;
			sourceTree = "<group>";
		};
		6F41E1ED1BCE0FF900729AC5 = {
			isa = PBXGroup;
			children = (
				0FD5476E1BDC32AB005587F2 /* LayerKit.framework */,
				6F41E1F81BCE0FF900729AC5 /* ArmoireApp */,
				6F41E1F71BCE0FF900729AC5 /* Products */,
				3651528C7C9BC0521E13AFB9 /* Pods */,
				D02AB9F9D35F934BA7F89B1E /* Frameworks */,
			);
			sourceTree = "<group>";
		};
		6F41E1F71BCE0FF900729AC5 /* Products */ = {
			isa = PBXGroup;
			children = (
				6F41E1F61BCE0FF900729AC5 /* ArmoireApp.app */,
			);
			name = Products;
			sourceTree = "<group>";
		};
		6F41E1F81BCE0FF900729AC5 /* ArmoireApp */ = {
			isa = PBXGroup;
			children = (
				6F6AEACB1BDB1ECA009B8F74 /* Extensions */,
				0FD0BAB91BD6027900D91504 /* Models */,
				6FDD83921BD082CC00028E3D /* ViewControllers */,
				6FDD83911BD082C800028E3D /* Views */,
				6FDD838C1BD0807800028E3D /* Application */,
				6FDD83931BD082D200028E3D /* Resources */,
				6FDD83991BD083F800028E3D /* Credentials */,
			);
			path = ArmoireApp;
			sourceTree = "<group>";
		};
		6F6AEACB1BDB1ECA009B8F74 /* Extensions */ = {
			isa = PBXGroup;
			children = (
				6F6AEACE1BDB1F3A009B8F74 /* AMRUser+ATLParticipant.swift */,
				6F2828911BE1D874002B7B85 /* UIColor+AMRColor.swift */,
				C584019B1BE574CC00D90117 /* UIAlertController+AMRSettingsController.swift */,
			);
			name = Extensions;
			sourceTree = "<group>";
		};
		6FDD838C1BD0807800028E3D /* Application */ = {
			isa = PBXGroup;
			children = (
				6FDD83971BD0833500028E3D /* LaunchScreen.storyboard */,
				6F41E2051BCE0FF900729AC5 /* Info.plist */,
				6F41E1F91BCE0FF900729AC5 /* AppDelegate.swift */,
				6FDD838D1BD080B000028E3D /* ArmoireApp-Bridging-Header.h */,
			);
			name = Application;
			sourceTree = "<group>";
		};
		6FDD83911BD082C800028E3D /* Views */ = {
			isa = PBXGroup;
			children = (
				0FD0BAC01BD6038C00D91504 /* AMRUpcomingMeetingsTableViewCell.swift */,
				0FD0BAC41BD605F500D91504 /* AMRUpcomingMeetingsTableViewCell.xib */,
				0F4590B21BD4A59300C839F9 /* AMRMessageTableViewCell.swift */,
				0F4590B31BD4A59300C839F9 /* AMRMessageTableViewCell.xib */,
				0F4590B61BD4A5D500C839F9 /* AMRAppointmentTableViewCell.swift */,
				0F4590B71BD4A5D500C839F9 /* AMRAppointmentTableViewCell.xib */,
				0F18931C1BD623C8007126D2 /* AMRClientTableViewCell.swift */,
				0F18931D1BD623C8007126D2 /* AMRClientTableViewCell.xib */,
				C5B75A861BE0A19D0009296C /* AMRMeasurementCell.swift */,
				C5B75A871BE0A19D0009296C /* AMRMeasurementCell.xib */,
				C53F001B1BE1F50600070118 /* imageCollectionViewCell.swift */,
				C53F001C1BE1F50600070118 /* imageCollectionViewCell.xib */,
			);
			name = Views;
			sourceTree = "<group>";
		};
		6FDD83921BD082CC00028E3D /* ViewControllers */ = {
			isa = PBXGroup;
			children = (
				0FD0BABC1BD6037000D91504 /* AMRUpcomingMeetingsViewController.swift */,
				0FD0BAC61BD6064600D91504 /* AMRUpcomingMeetingsViewController.xib */,
				6F55790C1BD2335C0033A7C8 /* AMRMainViewController.swift */,
				6F55790D1BD2335C0033A7C8 /* AMRMainViewController.xib */,
				0F45909A1BD48D3300C839F9 /* AMRClientsViewController.swift */,
				0F45909B1BD48D3300C839F9 /* AMRClientsViewController.xib */,
				0F45909E1BD49AC200C839F9 /* AMRMessagesViewController.swift */,
				0F4590C41BD4B88100C839F9 /* AMRMessagesDetailsViewController.swift */,
				0F4590A21BD49ACF00C839F9 /* AMRNotesViewController.swift */,
				0F4590A31BD49ACF00C839F9 /* AMRNotesViewController.xib */,
				0F4590BA1BD4B57300C839F9 /* AMRClientsDetailViewController.swift */,
				0F4590BB1BD4B57300C839F9 /* AMRClientsDetailViewController.xib */,
				6FF7BA171BDC3A9D00A7C54A /* AMRParticipantTableViewController.swift */,
				6FA0130D1BD752460019E0D6 /* AMRSignUpViewController.swift */,
				6FA0130E1BD752460019E0D6 /* AMRSignUpViewController.xib */,
				6FA013111BD75C190019E0D6 /* AMRLoginViewController.swift */,
				0FD547701BDDA4A9005587F2 /* AMRAddClientViewController.swift */,
				0FD547711BDDA4A9005587F2 /* AMRAddClientViewController.xib */,
				0F5E5BF61BDF2D0E00464DB2 /* AMRClientProfileViewController.swift */,
				0F5E5BF71BDF2D0E00464DB2 /* AMRClientProfileViewController.xib */,
				C5D535FD1BE086750046A288 /* AMRPhotosViewController.swift */,
				C5D535FE1BE086750046A288 /* AMRPhotosViewController.xib */,
				C5D536011BE086A00046A288 /* AMRMeasurementsViewController.swift */,
				C5D536021BE086A00046A288 /* AMRMeasurementsViewController.xib */,
			);
			name = ViewControllers;
			sourceTree = "<group>";
		};
		6FDD83931BD082D200028E3D /* Resources */ = {
			isa = PBXGroup;
			children = (
				6F41E2001BCE0FF900729AC5 /* Assets.xcassets */,
			);
			name = Resources;
			sourceTree = "<group>";
		};
		6FDD83991BD083F800028E3D /* Credentials */ = {
			isa = PBXGroup;
			children = (
				0F4590901BD4867800C839F9 /* Credentials.plist */,
			);
			name = Credentials;
			sourceTree = "<group>";
		};
		D02AB9F9D35F934BA7F89B1E /* Frameworks */ = {
			isa = PBXGroup;
			children = (
				406AF373DF68CB583A6ACFC0 /* libPods-ArmoireApp.a */,
			);
			name = Frameworks;
			sourceTree = "<group>";
		};
/* End PBXGroup section */

/* Begin PBXNativeTarget section */
		6F41E1F51BCE0FF900729AC5 /* ArmoireApp */ = {
			isa = PBXNativeTarget;
			buildConfigurationList = 6F41E2081BCE0FF900729AC5 /* Build configuration list for PBXNativeTarget "ArmoireApp" */;
			buildPhases = (
				F3CD51B806E9FC0901A9E31D /* Check Pods Manifest.lock */,
				6F41E1F21BCE0FF900729AC5 /* Sources */,
				6F41E1F31BCE0FF900729AC5 /* Frameworks */,
				6F41E1F41BCE0FF900729AC5 /* Resources */,
				CAE3680A1583D26BB2A5EA9F /* Copy Pods Resources */,
				C44F90164F10EFC8AC7147C5 /* Embed Pods Frameworks */,
				0FD5476D1BDC3285005587F2 /* CopyFiles */,
			);
			buildRules = (
			);
			dependencies = (
			);
			name = ArmoireApp;
			productName = ArmoireApp;
			productReference = 6F41E1F61BCE0FF900729AC5 /* ArmoireApp.app */;
			productType = "com.apple.product-type.application";
		};
/* End PBXNativeTarget section */

/* Begin PBXProject section */
		6F41E1EE1BCE0FF900729AC5 /* Project object */ = {
			isa = PBXProject;
			attributes = {
				LastSwiftUpdateCheck = 0700;
				LastUpgradeCheck = 0700;
				ORGANIZATIONNAME = Armoire;
				TargetAttributes = {
					6F41E1F51BCE0FF900729AC5 = {
						CreatedOnToolsVersion = 7.0;
						SystemCapabilities = {
							com.apple.BackgroundModes = {
								enabled = 1;
							};
						};
					};
				};
			};
			buildConfigurationList = 6F41E1F11BCE0FF900729AC5 /* Build configuration list for PBXProject "ArmoireApp" */;
			compatibilityVersion = "Xcode 3.2";
			developmentRegion = English;
			hasScannedForEncodings = 0;
			knownRegions = (
				en,
				Base,
			);
			mainGroup = 6F41E1ED1BCE0FF900729AC5;
			productRefGroup = 6F41E1F71BCE0FF900729AC5 /* Products */;
			projectDirPath = "";
			projectRoot = "";
			targets = (
				6F41E1F51BCE0FF900729AC5 /* ArmoireApp */,
			);
		};
/* End PBXProject section */

/* Begin PBXResourcesBuildPhase section */
		6F41E1F41BCE0FF900729AC5 /* Resources */ = {
			isa = PBXResourcesBuildPhase;
			buildActionMask = 2147483647;
			files = (
				6FDD83981BD0833500028E3D /* LaunchScreen.storyboard in Resources */,
				C5B75A891BE0A19D0009296C /* AMRMeasurementCell.xib in Resources */,
				0FD0BAC51BD605F500D91504 /* AMRUpcomingMeetingsTableViewCell.xib in Resources */,
				0FD547731BDDA4A9005587F2 /* AMRAddClientViewController.xib in Resources */,
				0F18931F1BD623C8007126D2 /* AMRClientTableViewCell.xib in Resources */,
				0F4590911BD4867800C839F9 /* Credentials.plist in Resources */,
				6FA013101BD752460019E0D6 /* AMRSignUpViewController.xib in Resources */,
				C5D536001BE086750046A288 /* AMRPhotosViewController.xib in Resources */,
				0F4590B51BD4A59300C839F9 /* AMRMessageTableViewCell.xib in Resources */,
				0F4590A51BD49ACF00C839F9 /* AMRNotesViewController.xib in Resources */,
				C53F001E1BE1F50600070118 /* imageCollectionViewCell.xib in Resources */,
				C5D536041BE086A00046A288 /* AMRMeasurementsViewController.xib in Resources */,
				6F55790F1BD2335C0033A7C8 /* AMRMainViewController.xib in Resources */,
				0F4590BD1BD4B57300C839F9 /* AMRClientsDetailViewController.xib in Resources */,
				0F5E5BF91BDF2D0E00464DB2 /* AMRClientProfileViewController.xib in Resources */,
				0F4590B91BD4A5D500C839F9 /* AMRAppointmentTableViewCell.xib in Resources */,
				0F45909D1BD48D3300C839F9 /* AMRClientsViewController.xib in Resources */,
				6F41E2011BCE0FF900729AC5 /* Assets.xcassets in Resources */,
				0FD0BAC71BD6064600D91504 /* AMRUpcomingMeetingsViewController.xib in Resources */,
			);
			runOnlyForDeploymentPostprocessing = 0;
		};
/* End PBXResourcesBuildPhase section */

/* Begin PBXShellScriptBuildPhase section */
		C44F90164F10EFC8AC7147C5 /* Embed Pods Frameworks */ = {
			isa = PBXShellScriptBuildPhase;
			buildActionMask = 2147483647;
			files = (
			);
			inputPaths = (
			);
			name = "Embed Pods Frameworks";
			outputPaths = (
			);
			runOnlyForDeploymentPostprocessing = 0;
			shellPath = /bin/sh;
			shellScript = "\"${SRCROOT}/Pods/Target Support Files/Pods-ArmoireApp/Pods-ArmoireApp-frameworks.sh\"\n";
			showEnvVarsInLog = 0;
		};
		CAE3680A1583D26BB2A5EA9F /* Copy Pods Resources */ = {
			isa = PBXShellScriptBuildPhase;
			buildActionMask = 2147483647;
			files = (
			);
			inputPaths = (
			);
			name = "Copy Pods Resources";
			outputPaths = (
			);
			runOnlyForDeploymentPostprocessing = 0;
			shellPath = /bin/sh;
			shellScript = "\"${SRCROOT}/Pods/Target Support Files/Pods-ArmoireApp/Pods-ArmoireApp-resources.sh\"\n";
			showEnvVarsInLog = 0;
		};
		F3CD51B806E9FC0901A9E31D /* Check Pods Manifest.lock */ = {
			isa = PBXShellScriptBuildPhase;
			buildActionMask = 2147483647;
			files = (
			);
			inputPaths = (
			);
			name = "Check Pods Manifest.lock";
			outputPaths = (
			);
			runOnlyForDeploymentPostprocessing = 0;
			shellPath = /bin/sh;
			shellScript = "diff \"${PODS_ROOT}/../Podfile.lock\" \"${PODS_ROOT}/Manifest.lock\" > /dev/null\nif [[ $? != 0 ]] ; then\n    cat << EOM\nerror: The sandbox is not in sync with the Podfile.lock. Run 'pod install' or update your CocoaPods installation.\nEOM\n    exit 1\nfi\n";
			showEnvVarsInLog = 0;
		};
/* End PBXShellScriptBuildPhase section */

/* Begin PBXSourcesBuildPhase section */
		6F41E1F21BCE0FF900729AC5 /* Sources */ = {
			isa = PBXSourcesBuildPhase;
			buildActionMask = 2147483647;
			files = (
				C584019C1BE574CC00D90117 /* UIAlertController+AMRSettingsController.swift in Sources */,
				0F4590B81BD4A5D500C839F9 /* AMRAppointmentTableViewCell.swift in Sources */,
				0FD0BAC21BD6038C00D91504 /* AMRUpcomingMeetingsTableViewCell.swift in Sources */,
				6F55790E1BD2335C0033A7C8 /* AMRMainViewController.swift in Sources */,
				0F18931E1BD623C8007126D2 /* AMRClientTableViewCell.swift in Sources */,
				C53F001D1BE1F50600070118 /* imageCollectionViewCell.swift in Sources */,
				0FD547721BDDA4A9005587F2 /* AMRAddClientViewController.swift in Sources */,
				6FA013121BD75C190019E0D6 /* AMRLoginViewController.swift in Sources */,
				0F4590BC1BD4B57300C839F9 /* AMRClientsDetailViewController.swift in Sources */,
				C5B75A881BE0A19D0009296C /* AMRMeasurementCell.swift in Sources */,
				C50363E51BE1D12F008030E1 /* AMRMeasurements.swift in Sources */,
				6FF7BA181BDC3A9D00A7C54A /* AMRParticipantTableViewController.swift in Sources */,
				0FD0BABE1BD6037000D91504 /* AMRUpcomingMeetingsViewController.swift in Sources */,
				0F4590A01BD49AC200C839F9 /* AMRMessagesViewController.swift in Sources */,
				6F6AEAD11BDB209B009B8F74 /* AMRUserManager.swift in Sources */,
				0F45909C1BD48D3300C839F9 /* AMRClientsViewController.swift in Sources */,
				6F41E1FA1BCE0FF900729AC5 /* AppDelegate.swift in Sources */,
				C5D536031BE086A00046A288 /* AMRMeasurementsViewController.swift in Sources */,
				0FD0BABB1BD6035600D91504 /* AMRMeeting.swift in Sources */,
				0F4590A41BD49ACF00C839F9 /* AMRNotesViewController.swift in Sources */,
				C5D535FF1BE086750046A288 /* AMRPhotosViewController.swift in Sources */,
				C51751E71BDD7F17000F7A82 /* AMRImage.swift in Sources */,
				6F2828921BE1D874002B7B85 /* UIColor+AMRColor.swift in Sources */,
				6FA0130F1BD752460019E0D6 /* AMRSignUpViewController.swift in Sources */,
				0FD5476B1BDB3350005587F2 /* AMRNote.swift in Sources */,
				0F5E5BF81BDF2D0E00464DB2 /* AMRClientProfileViewController.swift in Sources */,
				0F4590C61BD4B88100C839F9 /* AMRMessagesDetailsViewController.swift in Sources */,
				6FE7AB691BD84E9A00FAFAC0 /* AMRUser.swift in Sources */,
				0F4590B41BD4A59300C839F9 /* AMRMessageTableViewCell.swift in Sources */,
				6F6AEACF1BDB1F3A009B8F74 /* AMRUser+ATLParticipant.swift in Sources */,
			);
			runOnlyForDeploymentPostprocessing = 0;
		};
/* End PBXSourcesBuildPhase section */

/* Begin XCBuildConfiguration section */
		6F41E2061BCE0FF900729AC5 /* Debug */ = {
			isa = XCBuildConfiguration;
			buildSettings = {
				ALWAYS_SEARCH_USER_PATHS = NO;
				CLANG_CXX_LANGUAGE_STANDARD = "gnu++0x";
				CLANG_CXX_LIBRARY = "libc++";
				CLANG_ENABLE_MODULES = YES;
				CLANG_ENABLE_OBJC_ARC = YES;
				CLANG_WARN_BOOL_CONVERSION = YES;
				CLANG_WARN_CONSTANT_CONVERSION = YES;
				CLANG_WARN_DIRECT_OBJC_ISA_USAGE = YES_ERROR;
				CLANG_WARN_EMPTY_BODY = YES;
				CLANG_WARN_ENUM_CONVERSION = YES;
				CLANG_WARN_INT_CONVERSION = YES;
				CLANG_WARN_OBJC_ROOT_CLASS = YES_ERROR;
				CLANG_WARN_UNREACHABLE_CODE = YES;
				CLANG_WARN__DUPLICATE_METHOD_MATCH = YES;
				"CODE_SIGN_IDENTITY[sdk=iphoneos*]" = "iPhone Developer";
				COPY_PHASE_STRIP = NO;
				DEBUG_INFORMATION_FORMAT = dwarf;
				ENABLE_STRICT_OBJC_MSGSEND = YES;
				ENABLE_TESTABILITY = YES;
				GCC_C_LANGUAGE_STANDARD = gnu99;
				GCC_DYNAMIC_NO_PIC = NO;
				GCC_NO_COMMON_BLOCKS = YES;
				GCC_OPTIMIZATION_LEVEL = 0;
				GCC_PREPROCESSOR_DEFINITIONS = (
					"DEBUG=1",
					"$(inherited)",
				);
				GCC_WARN_64_TO_32_BIT_CONVERSION = YES;
				GCC_WARN_ABOUT_RETURN_TYPE = YES_ERROR;
				GCC_WARN_UNDECLARED_SELECTOR = YES;
				GCC_WARN_UNINITIALIZED_AUTOS = YES_AGGRESSIVE;
				GCC_WARN_UNUSED_FUNCTION = YES;
				GCC_WARN_UNUSED_VARIABLE = YES;
				IPHONEOS_DEPLOYMENT_TARGET = 9.0;
				MTL_ENABLE_DEBUG_INFO = YES;
				ONLY_ACTIVE_ARCH = YES;
				SDKROOT = iphoneos;
				SWIFT_OPTIMIZATION_LEVEL = "-Onone";
				TARGETED_DEVICE_FAMILY = "1,2";
			};
			name = Debug;
		};
		6F41E2071BCE0FF900729AC5 /* Release */ = {
			isa = XCBuildConfiguration;
			buildSettings = {
				ALWAYS_SEARCH_USER_PATHS = NO;
				CLANG_CXX_LANGUAGE_STANDARD = "gnu++0x";
				CLANG_CXX_LIBRARY = "libc++";
				CLANG_ENABLE_MODULES = YES;
				CLANG_ENABLE_OBJC_ARC = YES;
				CLANG_WARN_BOOL_CONVERSION = YES;
				CLANG_WARN_CONSTANT_CONVERSION = YES;
				CLANG_WARN_DIRECT_OBJC_ISA_USAGE = YES_ERROR;
				CLANG_WARN_EMPTY_BODY = YES;
				CLANG_WARN_ENUM_CONVERSION = YES;
				CLANG_WARN_INT_CONVERSION = YES;
				CLANG_WARN_OBJC_ROOT_CLASS = YES_ERROR;
				CLANG_WARN_UNREACHABLE_CODE = YES;
				CLANG_WARN__DUPLICATE_METHOD_MATCH = YES;
				"CODE_SIGN_IDENTITY[sdk=iphoneos*]" = "iPhone Developer";
				COPY_PHASE_STRIP = NO;
				DEBUG_INFORMATION_FORMAT = "dwarf-with-dsym";
				ENABLE_NS_ASSERTIONS = NO;
				ENABLE_STRICT_OBJC_MSGSEND = YES;
				GCC_C_LANGUAGE_STANDARD = gnu99;
				GCC_NO_COMMON_BLOCKS = YES;
				GCC_WARN_64_TO_32_BIT_CONVERSION = YES;
				GCC_WARN_ABOUT_RETURN_TYPE = YES_ERROR;
				GCC_WARN_UNDECLARED_SELECTOR = YES;
				GCC_WARN_UNINITIALIZED_AUTOS = YES_AGGRESSIVE;
				GCC_WARN_UNUSED_FUNCTION = YES;
				GCC_WARN_UNUSED_VARIABLE = YES;
				IPHONEOS_DEPLOYMENT_TARGET = 9.0;
				MTL_ENABLE_DEBUG_INFO = NO;
				SDKROOT = iphoneos;
				TARGETED_DEVICE_FAMILY = "1,2";
				VALIDATE_PRODUCT = YES;
			};
			name = Release;
		};
		6F41E2091BCE0FF900729AC5 /* Debug */ = {
			isa = XCBuildConfiguration;
			baseConfigurationReference = 540C02D174B0814FAFCB2B92 /* Pods-ArmoireApp.debug.xcconfig */;
			buildSettings = {
				ASSETCATALOG_COMPILER_APPICON_NAME = AppIcon;
				CLANG_ENABLE_MODULES = YES;
				CODE_SIGN_IDENTITY = "iPhone Developer";
				INFOPLIST_FILE = ArmoireApp/Application/Info.plist;
				IPHONEOS_DEPLOYMENT_TARGET = 8.0;
				LD_RUNPATH_SEARCH_PATHS = "$(inherited) @executable_path/Frameworks";
				PRODUCT_BUNDLE_IDENTIFIER = com.randyting.ArmoireApp;
				PRODUCT_NAME = "$(TARGET_NAME)";
				SWIFT_OBJC_BRIDGING_HEADER = "ArmoireApp/Application/ArmoireApp-Bridging-Header.h";
				SWIFT_OPTIMIZATION_LEVEL = "-Onone";
				"USER_HEADER_SEARCH_PATHS[arch=*]" = "Pods/** - recursive";
			};
			name = Debug;
		};
		6F41E20A1BCE0FF900729AC5 /* Release */ = {
			isa = XCBuildConfiguration;
			baseConfigurationReference = 1993BFE730F24C865BE5C48B /* Pods-ArmoireApp.release.xcconfig */;
			buildSettings = {
				ASSETCATALOG_COMPILER_APPICON_NAME = AppIcon;
				CLANG_ENABLE_MODULES = YES;
				CODE_SIGN_IDENTITY = "iPhone Developer";
				INFOPLIST_FILE = ArmoireApp/Application/Info.plist;
				IPHONEOS_DEPLOYMENT_TARGET = 8.0;
				LD_RUNPATH_SEARCH_PATHS = "$(inherited) @executable_path/Frameworks";
				PRODUCT_BUNDLE_IDENTIFIER = com.randyting.ArmoireApp;
				PRODUCT_NAME = "$(TARGET_NAME)";
				SWIFT_OBJC_BRIDGING_HEADER = "ArmoireApp/Application/ArmoireApp-Bridging-Header.h";
				"USER_HEADER_SEARCH_PATHS[arch=*]" = "Pods/** - recursive";
			};
			name = Release;
		};
/* End XCBuildConfiguration section */

/* Begin XCConfigurationList section */
		6F41E1F11BCE0FF900729AC5 /* Build configuration list for PBXProject "ArmoireApp" */ = {
			isa = XCConfigurationList;
			buildConfigurations = (
				6F41E2061BCE0FF900729AC5 /* Debug */,
				6F41E2071BCE0FF900729AC5 /* Release */,
			);
			defaultConfigurationIsVisible = 0;
			defaultConfigurationName = Release;
		};
		6F41E2081BCE0FF900729AC5 /* Build configuration list for PBXNativeTarget "ArmoireApp" */ = {
			isa = XCConfigurationList;
			buildConfigurations = (
				6F41E2091BCE0FF900729AC5 /* Debug */,
				6F41E20A1BCE0FF900729AC5 /* Release */,
			);
			defaultConfigurationIsVisible = 0;
			defaultConfigurationName = Release;
		};
/* End XCConfigurationList section */
	};
	rootObject = 6F41E1EE1BCE0FF900729AC5 /* Project object */;
}
